
Microsoft Visual Studio Solution File, Format Version 12.00
# Visual Studio Version 17
VisualStudioVersion = 17.6.33723.286
MinimumVisualStudioVersion = 10.0.40219.1
Project("{888888A0-9F3D-457C-B088-3A5042F75D52}") = "pypiqe", "pypiqe.pyproj", "{2542E389-0D63-48E6-84BF-3FED564E37AE}"
EndProject
Global
	GlobalSection(SolutionConfigurationPlatforms) = preSolution
		Debug|Any CPU = Debug|Any CPU
		Release|Any CPU = Release|Any CPU
	EndGlobalSection
	GlobalSection(ProjectConfigurationPlatforms) = postSolution
		{2542E389-0D63-48E6-84BF-3FED564E37AE}.Debug|Any CPU.ActiveCfg = Debug|Any CPU
		{2542E389-0D63-48E6-84BF-3FED564E37AE}.Release|Any CPU.ActiveCfg = Release|Any CPU
	EndGlobalSection
	GlobalSection(SolutionProperties) = preSolution
		HideSolutionNode = FALSE
	EndGlobalSection
	GlobalSection(ExtensibilityGlobals) = postSolution
		SolutionGuid = {6D53DC83-02D1-45D5-B590-5F0B370CFE2A}
	EndGlobalSection
EndGlobal
